// !$*UTF8*$!
{
	archiveVersion = 1;
	classes = {
	};
	objectVersion = 50;
	objects = {

/* Begin PBXBuildFile section */
		38F8BCB7D4DD9EB19CA38CB1 /* Pods_Events.framework in Frameworks */ = {isa = PBXBuildFile; fileRef = 840C749BFFF68217AC6B1712 /* Pods_Events.framework */; };
		A19920E620B464B5008674B3 /* AppDelegate.swift in Sources */ = {isa = PBXBuildFile; fileRef = A19920E520B464B5008674B3 /* AppDelegate.swift */; };
		A19920E820B464B5008674B3 /* ViewController.swift in Sources */ = {isa = PBXBuildFile; fileRef = A19920E720B464B5008674B3 /* ViewController.swift */; };
		A19920EB20B464B5008674B3 /* Main.storyboard in Resources */ = {isa = PBXBuildFile; fileRef = A19920E920B464B5008674B3 /* Main.storyboard */; };
		A19920EE20B464B5008674B3 /* Events.xcdatamodeld in Sources */ = {isa = PBXBuildFile; fileRef = A19920EC20B464B5008674B3 /* Events.xcdatamodeld */; };
		A19920F020B464B6008674B3 /* Assets.xcassets in Resources */ = {isa = PBXBuildFile; fileRef = A19920EF20B464B6008674B3 /* Assets.xcassets */; };
		A19920F320B464B6008674B3 /* LaunchScreen.storyboard in Resources */ = {isa = PBXBuildFile; fileRef = A19920F120B464B6008674B3 /* LaunchScreen.storyboard */; };
		A19920FD20B58A5C008674B3 /* NewEventController.swift in Sources */ = {isa = PBXBuildFile; fileRef = A19920FC20B58A5C008674B3 /* NewEventController.swift */; };
		A19920FF20B5AB78008674B3 /* EventCell.swift in Sources */ = {isa = PBXBuildFile; fileRef = A19920FE20B5AB78008674B3 /* EventCell.swift */; };
		A199210120B5B629008674B3 /* EventViewDesign.swift in Sources */ = {isa = PBXBuildFile; fileRef = A199210020B5B629008674B3 /* EventViewDesign.swift */; };
		A1D44EF720B9998200562F6F /* CoreDataHandler.swift in Sources */ = {isa = PBXBuildFile; fileRef = A1D44EF620B9998200562F6F /* CoreDataHandler.swift */; };
		A1D44EF920BB29D600562F6F /* Singleton.swift in Sources */ = {isa = PBXBuildFile; fileRef = A1D44EF820BB29D600562F6F /* Singleton.swift */; };
/* End PBXBuildFile section */

/* Begin PBXFileReference section */
		78EB1404A740CCB263422598 /* Pods-Events.release.xcconfig */ = {isa = PBXFileReference; includeInIndex = 1; lastKnownFileType = text.xcconfig; name = "Pods-Events.release.xcconfig"; path = "Pods/Target Support Files/Pods-Events/Pods-Events.release.xcconfig"; sourceTree = "<group>"; };
		840C749BFFF68217AC6B1712 /* Pods_Events.framework */ = {isa = PBXFileReference; explicitFileType = wrapper.framework; includeInIndex = 0; path = Pods_Events.framework; sourceTree = BUILT_PRODUCTS_DIR; };
		A19920E220B464B5008674B3 /* Events.app */ = {isa = PBXFileReference; explicitFileType = wrapper.application; includeInIndex = 0; path = Events.app; sourceTree = BUILT_PRODUCTS_DIR; };
		A19920E520B464B5008674B3 /* AppDelegate.swift */ = {isa = PBXFileReference; lastKnownFileType = sourcecode.swift; path = AppDelegate.swift; sourceTree = "<group>"; };
		A19920E720B464B5008674B3 /* ViewController.swift */ = {isa = PBXFileReference; lastKnownFileType = sourcecode.swift; path = ViewController.swift; sourceTree = "<group>"; };
		A19920EA20B464B5008674B3 /* Base */ = {isa = PBXFileReference; lastKnownFileType = file.storyboard; name = Base; path = Base.lproj/Main.storyboard; sourceTree = "<group>"; };
		A19920ED20B464B5008674B3 /* Events.xcdatamodel */ = {isa = PBXFileReference; lastKnownFileType = wrapper.xcdatamodel; path = Events.xcdatamodel; sourceTree = "<group>"; };
		A19920EF20B464B6008674B3 /* Assets.xcassets */ = {isa = PBXFileReference; lastKnownFileType = folder.assetcatalog; path = Assets.xcassets; sourceTree = "<group>"; };
		A19920F220B464B6008674B3 /* Base */ = {isa = PBXFileReference; lastKnownFileType = file.storyboard; name = Base; path = Base.lproj/LaunchScreen.storyboard; sourceTree = "<group>"; };
		A19920F420B464B6008674B3 /* Info.plist */ = {isa = PBXFileReference; lastKnownFileType = text.plist.xml; path = Info.plist; sourceTree = "<group>"; };
		A19920FC20B58A5C008674B3 /* NewEventController.swift */ = {isa = PBXFileReference; lastKnownFileType = sourcecode.swift; path = NewEventController.swift; sourceTree = "<group>"; };
		A19920FE20B5AB78008674B3 /* EventCell.swift */ = {isa = PBXFileReference; lastKnownFileType = sourcecode.swift; path = EventCell.swift; sourceTree = "<group>"; };
		A199210020B5B629008674B3 /* EventViewDesign.swift */ = {isa = PBXFileReference; lastKnownFileType = sourcecode.swift; path = EventViewDesign.swift; sourceTree = "<group>"; };
		A1D44EF620B9998200562F6F /* CoreDataHandler.swift */ = {isa = PBXFileReference; lastKnownFileType = sourcecode.swift; path = CoreDataHandler.swift; sourceTree = "<group>"; };
		A1D44EF820BB29D600562F6F /* Singleton.swift */ = {isa = PBXFileReference; lastKnownFileType = sourcecode.swift; path = Singleton.swift; sourceTree = "<group>"; };
		BA747FCE20F7CD3785233F7D /* Pods-Events.debug.xcconfig */ = {isa = PBXFileReference; includeInIndex = 1; lastKnownFileType = text.xcconfig; name = "Pods-Events.debug.xcconfig"; path = "Pods/Target Support Files/Pods-Events/Pods-Events.debug.xcconfig"; sourceTree = "<group>"; };
/* End PBXFileReference section */

/* Begin PBXFrameworksBuildPhase section */
		A19920DF20B464B5008674B3 /* Frameworks */ = {
			isa = PBXFrameworksBuildPhase;
			buildActionMask = 2147483647;
			files = (
				38F8BCB7D4DD9EB19CA38CB1 /* Pods_Events.framework in Frameworks */,
			);
			runOnlyForDeploymentPostprocessing = 0;
		};
/* End PBXFrameworksBuildPhase section */

/* Begin PBXGroup section */
		6C73443E2F2AAB8B242C46F2 /* Pods */ = {
			isa = PBXGroup;
			children = (
				BA747FCE20F7CD3785233F7D /* Pods-Events.debug.xcconfig */,
				78EB1404A740CCB263422598 /* Pods-Events.release.xcconfig */,
			);
			name = Pods;
			sourceTree = "<group>";
		};
		8BE43AFD70773EC7C275D545 /* Frameworks */ = {
			isa = PBXGroup;
			children = (
				840C749BFFF68217AC6B1712 /* Pods_Events.framework */,
			);
			name = Frameworks;
			sourceTree = "<group>";
		};
		A19920D920B464B5008674B3 = {
			isa = PBXGroup;
			children = (
				A19920E420B464B5008674B3 /* Events */,
				A19920E320B464B5008674B3 /* Products */,
				6C73443E2F2AAB8B242C46F2 /* Pods */,
				8BE43AFD70773EC7C275D545 /* Frameworks */,
			);
			sourceTree = "<group>";
		};
		A19920E320B464B5008674B3 /* Products */ = {
			isa = PBXGroup;
			children = (
				A19920E220B464B5008674B3 /* Events.app */,
			);
			name = Products;
			sourceTree = "<group>";
		};
		A19920E420B464B5008674B3 /* Events */ = {
			isa = PBXGroup;
			children = (
				A19920E520B464B5008674B3 /* AppDelegate.swift */,
				A19920E720B464B5008674B3 /* ViewController.swift */,
				A19920FC20B58A5C008674B3 /* NewEventController.swift */,
				A1D44EF820BB29D600562F6F /* Singleton.swift */,
				A19920E920B464B5008674B3 /* Main.storyboard */,
				A199210020B5B629008674B3 /* EventViewDesign.swift */,
				A19920FE20B5AB78008674B3 /* EventCell.swift */,
				A19920EF20B464B6008674B3 /* Assets.xcassets */,
				A19920F120B464B6008674B3 /* LaunchScreen.storyboard */,
				A19920F420B464B6008674B3 /* Info.plist */,
				A19920EC20B464B5008674B3 /* Events.xcdatamodeld */,
				A1D44EF620B9998200562F6F /* CoreDataHandler.swift */,
			);
			path = Events;
			sourceTree = "<group>";
		};
/* End PBXGroup section */

/* Begin PBXNativeTarget section */
		A19920E120B464B5008674B3 /* Events */ = {
			isa = PBXNativeTarget;
			buildConfigurationList = A19920F720B464B6008674B3 /* Build configuration list for PBXNativeTarget "Events" */;
			buildPhases = (
				AB3F82CB26ADF8AE20A3637E /* [CP] Check Pods Manifest.lock */,
				A19920DE20B464B5008674B3 /* Sources */,
				A19920DF20B464B5008674B3 /* Frameworks */,
				A19920E020B464B5008674B3 /* Resources */,
				9C2ACF3440BF8E59967AE70F /* [CP] Embed Pods Frameworks */,
			);
			buildRules = (
			);
			dependencies = (
			);
			name = Events;
			productName = Events;
			productReference = A19920E220B464B5008674B3 /* Events.app */;
			productType = "com.apple.product-type.application";
		};
/* End PBXNativeTarget section */

/* Begin PBXProject section */
		A19920DA20B464B5008674B3 /* Project object */ = {
			isa = PBXProject;
			attributes = {
				LastSwiftUpdateCheck = 0930;
				LastUpgradeCheck = 0930;
				ORGANIZATIONNAME = RayanAldafas;
				TargetAttributes = {
					A19920E120B464B5008674B3 = {
						CreatedOnToolsVersion = 9.3.1;
					};
				};
			};
			buildConfigurationList = A19920DD20B464B5008674B3 /* Build configuration list for PBXProject "Events" */;
			compatibilityVersion = "Xcode 9.3";
			developmentRegion = en;
			hasScannedForEncodings = 0;
			knownRegions = (
				en,
				Base,
			);
			mainGroup = A19920D920B464B5008674B3;
			productRefGroup = A19920E320B464B5008674B3 /* Products */;
			projectDirPath = "";
			projectRoot = "";
			targets = (
				A19920E120B464B5008674B3 /* Events */,
			);
		};
/* End PBXProject section */

/* Begin PBXResourcesBuildPhase section */
		A19920E020B464B5008674B3 /* Resources */ = {
			isa = PBXResourcesBuildPhase;
			buildActionMask = 2147483647;
			files = (
				A19920F320B464B6008674B3 /* LaunchScreen.storyboard in Resources */,
				A19920F020B464B6008674B3 /* Assets.xcassets in Resources */,
				A19920EB20B464B5008674B3 /* Main.storyboard in Resources */,
			);
			runOnlyForDeploymentPostprocessing = 0;
		};
/* End PBXResourcesBuildPhase section */

/* Begin PBXShellScriptBuildPhase section */
		9C2ACF3440BF8E59967AE70F /* [CP] Embed Pods Frameworks */ = {
			isa = PBXShellScriptBuildPhase;
			buildActionMask = 2147483647;
			files = (
			);
			inputPaths = (
				"${SRCROOT}/Pods/Target Support Files/Pods-Events/Pods-Events-frameworks.sh",
				"${BUILT_PRODUCTS_DIR}/Hero/Hero.framework",
			);
			name = "[CP] Embed Pods Frameworks";
			outputPaths = (
				"${TARGET_BUILD_DIR}/${FRAMEWORKS_FOLDER_PATH}/Hero.framework",
			);
			runOnlyForDeploymentPostprocessing = 0;
			shellPath = /bin/sh;
			shellScript = "\"${SRCROOT}/Pods/Target Support Files/Pods-Events/Pods-Events-frameworks.sh\"\n";
			showEnvVarsInLog = 0;
		};
		AB3F82CB26ADF8AE20A3637E /* [CP] Check Pods Manifest.lock */ = {
			isa = PBXShellScriptBuildPhase;
			buildActionMask = 2147483647;
			files = (
			);
			inputPaths = (
				"${PODS_PODFILE_DIR_PATH}/Podfile.lock",
				"${PODS_ROOT}/Manifest.lock",
			);
			name = "[CP] Check Pods Manifest.lock";
			outputPaths = (
				"$(DERIVED_FILE_DIR)/Pods-Events-checkManifestLockResult.txt",
			);
			runOnlyForDeploymentPostprocessing = 0;
			shellPath = /bin/sh;
			shellScript = "diff \"${PODS_PODFILE_DIR_PATH}/Podfile.lock\" \"${PODS_ROOT}/Manifest.lock\" > /dev/null\nif [ $? != 0 ] ; then\n    # print error to STDERR\n    echo \"error: The sandbox is not in sync with the Podfile.lock. Run 'pod install' or update your CocoaPods installation.\" >&2\n    exit 1\nfi\n# This output is used by Xcode 'outputs' to avoid re-running this script phase.\necho \"SUCCESS\" > \"${SCRIPT_OUTPUT_FILE_0}\"\n";
			showEnvVarsInLog = 0;
		};
/* End PBXShellScriptBuildPhase section */

/* Begin PBXSourcesBuildPhase section */
		A19920DE20B464B5008674B3 /* Sources */ = {
			isa = PBXSourcesBuildPhase;
			buildActionMask = 2147483647;
			files = (
				A1D44EF720B9998200562F6F /* CoreDataHandler.swift in Sources */,
				A1D44EF920BB29D600562F6F /* Singleton.swift in Sources */,
				A19920EE20B464B5008674B3 /* Events.xcdatamodeld in Sources */,
				A19920E820B464B5008674B3 /* ViewController.swift in Sources */,
				A19920FF20B5AB78008674B3 /* EventCell.swift in Sources */,
				A199210120B5B629008674B3 /* EventViewDesign.swift in Sources */,
				A19920E620B464B5008674B3 /* AppDelegate.swift in Sources */,
				A19920FD20B58A5C008674B3 /* NewEventController.swift in Sources */,
			);
			runOnlyForDeploymentPostprocessing = 0;
		};
/* End PBXSourcesBuildPhase section */

/* Begin PBXVariantGroup section */
		A19920E920B464B5008674B3 /* Main.storyboard */ = {
			isa = PBXVariantGroup;
			children = (
				A19920EA20B464B5008674B3 /* Base */,
			);
			name = Main.storyboard;
			sourceTree = "<group>";
		};
		A19920F120B464B6008674B3 /* LaunchScreen.storyboard */ = {
			isa = PBXVariantGroup;
			children = (
				A19920F220B464B6008674B3 /* Base */,
			);
			name = LaunchScreen.storyboard;
			sourceTree = "<group>";
		};
/* End PBXVariantGroup section */

/* Begin XCBuildConfiguration section */
		A19920F520B464B6008674B3 /* Debug */ = {
			isa = XCBuildConfiguration;
			buildSettings = {
				ALWAYS_SEARCH_USER_PATHS = NO;
				CLANG_ANALYZER_NONNULL = YES;
				CLANG_ANALYZER_NUMBER_OBJECT_CONVERSION = YES_AGGRESSIVE;
				CLANG_CXX_LANGUAGE_STANDARD = "gnu++14";
				CLANG_CXX_LIBRARY = "libc++";
				CLANG_ENABLE_MODULES = YES;
				CLANG_ENABLE_OBJC_ARC = YES;
				CLANG_ENABLE_OBJC_WEAK = YES;
				CLANG_WARN_BLOCK_CAPTURE_AUTORELEASING = YES;
				CLANG_WARN_BOOL_CONVERSION = YES;
				CLANG_WARN_COMMA = YES;
				CLANG_WARN_CONSTANT_CONVERSION = YES;
				CLANG_WARN_DEPRECATED_OBJC_IMPLEMENTATIONS = YES;
				CLANG_WARN_DIRECT_OBJC_ISA_USAGE = YES_ERROR;
				CLANG_WARN_DOCUMENTATION_COMMENTS = YES;
				CLANG_WARN_EMPTY_BODY = YES;
				CLANG_WARN_ENUM_CONVERSION = YES;
				CLANG_WARN_INFINITE_RECURSION = YES;
				CLANG_WARN_INT_CONVERSION = YES;
				CLANG_WARN_NON_LITERAL_NULL_CONVERSION = YES;
				CLANG_WARN_OBJC_IMPLICIT_RETAIN_SELF = YES;
				CLANG_WARN_OBJC_LITERAL_CONVERSION = YES;
				CLANG_WARN_OBJC_ROOT_CLASS = YES_ERROR;
				CLANG_WARN_RANGE_LOOP_ANALYSIS = YES;
				CLANG_WARN_STRICT_PROTOTYPES = YES;
				CLANG_WARN_SUSPICIOUS_MOVE = YES;
				CLANG_WARN_UNGUARDED_AVAILABILITY = YES_AGGRESSIVE;
				CLANG_WARN_UNREACHABLE_CODE = YES;
				CLANG_WARN__DUPLICATE_METHOD_MATCH = YES;
				CODE_SIGN_IDENTITY = "iPhone Developer";
				COPY_PHASE_STRIP = NO;
				DEBUG_INFORMATION_FORMAT = dwarf;
				ENABLE_STRICT_OBJC_MSGSEND = YES;
				ENABLE_TESTABILITY = YES;
				GCC_C_LANGUAGE_STANDARD = gnu11;
				GCC_DYNAMIC_NO_PIC = NO;
				GCC_NO_COMMON_BLOCKS = YES;
				GCC_OPTIMIZATION_LEVEL = 0;
				GCC_PREPROCESSOR_DEFINITIONS = (
					"DEBUG=1",
					"$(inherited)",
				);
				GCC_WARN_64_TO_32_BIT_CONVERSION = YES;
				GCC_WARN_ABOUT_RETURN_TYPE = YES_ERROR;
				GCC_WARN_UNDECLARED_SELECTOR = YES;
				GCC_WARN_UNINITIALIZED_AUTOS = YES_AGGRESSIVE;
				GCC_WARN_UNUSED_FUNCTION = YES;
				GCC_WARN_UNUSED_VARIABLE = YES;
				IPHONEOS_DEPLOYMENT_TARGET = 11.3;
				MTL_ENABLE_DEBUG_INFO = YES;
				ONLY_ACTIVE_ARCH = YES;
				SDKROOT = iphoneos;
				SWIFT_ACTIVE_COMPILATION_CONDITIONS = DEBUG;
				SWIFT_OPTIMIZATION_LEVEL = "-Onone";
			};
			name = Debug;
		};
		A19920F620B464B6008674B3 /* Release */ = {
			isa = XCBuildConfiguration;
			buildSettings = {
				ALWAYS_SEARCH_USER_PATHS = NO;
				CLANG_ANALYZER_NONNULL = YES;
				CLANG_ANALYZER_NUMBER_OBJECT_CONVERSION = YES_AGGRESSIVE;
				CLANG_CXX_LANGUAGE_STANDARD = "gnu++14";
				CLANG_CXX_LIBRARY = "libc++";
				CLANG_ENABLE_MODULES = YES;
				CLANG_ENABLE_OBJC_ARC = YES;
				CLANG_ENABLE_OBJC_WEAK = YES;
				CLANG_WARN_BLOCK_CAPTURE_AUTORELEASING = YES;
				CLANG_WARN_BOOL_CONVERSION = YES;
				CLANG_WARN_COMMA = YES;
				CLANG_WARN_CONSTANT_CONVERSION = YES;
				CLANG_WARN_DEPRECATED_OBJC_IMPLEMENTATIONS = YES;
				CLANG_WARN_DIRECT_OBJC_ISA_USAGE = YES_ERROR;
				CLANG_WARN_DOCUMENTATION_COMMENTS = YES;
				CLANG_WARN_EMPTY_BODY = YES;
				CLANG_WARN_ENUM_CONVERSION = YES;
				CLANG_WARN_INFINITE_RECURSION = YES;
				CLANG_WARN_INT_CONVERSION = YES;
				CLANG_WARN_NON_LITERAL_NULL_CONVERSION = YES;
				CLANG_WARN_OBJC_IMPLICIT_RETAIN_SELF = YES;
				CLANG_WARN_OBJC_LITERAL_CONVERSION = YES;
				CLANG_WARN_OBJC_ROOT_CLASS = YES_ERROR;
				CLANG_WARN_RANGE_LOOP_ANALYSIS = YES;
				CLANG_WARN_STRICT_PROTOTYPES = YES;
				CLANG_WARN_SUSPICIOUS_MOVE = YES;
				CLANG_WARN_UNGUARDED_AVAILABILITY = YES_AGGRESSIVE;
				CLANG_WARN_UNREACHABLE_CODE = YES;
				CLANG_WARN__DUPLICATE_METHOD_MATCH = YES;
				CODE_SIGN_IDENTITY = "iPhone Developer";
				COPY_PHASE_STRIP = NO;
				DEBUG_INFORMATION_FORMAT = "dwarf-with-dsym";
				ENABLE_NS_ASSERTIONS = NO;
				ENABLE_STRICT_OBJC_MSGSEND = YES;
				GCC_C_LANGUAGE_STANDARD = gnu11;
				GCC_NO_COMMON_BLOCKS = YES;
				GCC_WARN_64_TO_32_BIT_CONVERSION = YES;
				GCC_WARN_ABOUT_RETURN_TYPE = YES_ERROR;
				GCC_WARN_UNDECLARED_SELECTOR = YES;
				GCC_WARN_UNINITIALIZED_AUTOS = YES_AGGRESSIVE;
				GCC_WARN_UNUSED_FUNCTION = YES;
				GCC_WARN_UNUSED_VARIABLE = YES;
				IPHONEOS_DEPLOYMENT_TARGET = 11.3;
				MTL_ENABLE_DEBUG_INFO = NO;
				SDKROOT = iphoneos;
				SWIFT_COMPILATION_MODE = wholemodule;
				SWIFT_OPTIMIZATION_LEVEL = "-O";
				VALIDATE_PRODUCT = YES;
			};
			name = Release;
		};
		A19920F820B464B6008674B3 /* Debug */ = {
			isa = XCBuildConfiguration;
			baseConfigurationReference = BA747FCE20F7CD3785233F7D /* Pods-Events.debug.xcconfig */;
			buildSettings = {
				ASSETCATALOG_COMPILER_APPICON_NAME = AppIcon;
				CODE_SIGN_STYLE = Automatic;
				INFOPLIST_FILE = Events/Info.plist;
				LD_RUNPATH_SEARCH_PATHS = "$(inherited) @executable_path/Frameworks";
				PRODUCT_BUNDLE_IDENTIFIER = com.RayanAldafas.Events;
				PRODUCT_NAME = "$(TARGET_NAME)";
				SWIFT_VERSION = 4.0;
				TARGETED_DEVICE_FAMILY = 1;
			};
			name = Debug;
		};
		A19920F920B464B6008674B3 /* Release */ = {
			isa = XCBuildConfiguration;
			baseConfigurationReference = 78EB1404A740CCB263422598 /* Pods-Events.release.xcconfig */;
			buildSettings = {
				ASSETCATALOG_COMPILER_APPICON_NAME = AppIcon;
				CODE_SIGN_STYLE = Automatic;
				INFOPLIST_FILE = Events/Info.plist;
				LD_RUNPATH_SEARCH_PATHS = "$(inherited) @executable_path/Frameworks";
				PRODUCT_BUNDLE_IDENTIFIER = com.RayanAldafas.Events;
				PRODUCT_NAME = "$(TARGET_NAME)";
				SWIFT_VERSION = 4.0;
				TARGETED_DEVICE_FAMILY = 1;
			};
			name = Release;
		};
/* End XCBuildConfiguration section */

/* Begin XCConfigurationList section */
		A19920DD20B464B5008674B3 /* Build configuration list for PBXProject "Events" */ = {
			isa = XCConfigurationList;
			buildConfigurations = (
				A19920F520B464B6008674B3 /* Debug */,
				A19920F620B464B6008674B3 /* Release */,
			);
			defaultConfigurationIsVisible = 0;
			defaultConfigurationName = Release;
		};
		A19920F720B464B6008674B3 /* Build configuration list for PBXNativeTarget "Events" */ = {
			isa = XCConfigurationList;
			buildConfigurations = (
				A19920F820B464B6008674B3 /* Debug */,
				A19920F920B464B6008674B3 /* Release */,
			);
			defaultConfigurationIsVisible = 0;
			defaultConfigurationName = Release;
		};
/* End XCConfigurationList section */

/* Begin XCVersionGroup section */
		A19920EC20B464B5008674B3 /* Events.xcdatamodeld */ = {
			isa = XCVersionGroup;
			children = (
				A19920ED20B464B5008674B3 /* Events.xcdatamodel */,
			);
			currentVersion = A19920ED20B464B5008674B3 /* Events.xcdatamodel */;
			path = Events.xcdatamodeld;
			sourceTree = "<group>";
			versionGroupType = wrapper.xcdatamodel;
		};
/* End XCVersionGroup section */
	};
	rootObject = A19920DA20B464B5008674B3 /* Project object */;
}
